
Microsoft Visual Studio Solution File, Format Version 12.00
# Visual Studio Version 16
VisualStudioVersion = 16.0.30804.86
MinimumVisualStudioVersion = 10.0.40219.1
Project("{8BC9CEB8-8B4A-11D0-8D11-00A0C91BC942}") = "spdlog_examples", "spdlog_examples\spdlog_examples.vcxproj", "{B85BACA2-DBDD-4F51-A222-9468C4A28534}"
EndProject
Project("{8BC9CEB8-8B4A-11D0-8D11-00A0C91BC942}") = "basic_file_logger", "basic_file_logger\basic_file_logger.vcxproj", "{DFABAE59-3F43-45D7-87BD-A17D7D28253F}"
EndProject
Project("{8BC9CEB8-8B4A-11D0-8D11-00A0C91BC942}") = "rotating_files", "rotating_files\rotating_files.vcxproj", "{6FD00681-2C90-4048-B538-1E0F81085D2C}"
EndProject
Project("{8BC9CEB8-8B4A-11D0-8D11-00A0C91BC942}") = "Backtrace", "Backtrace\Backtrace.vcxproj", "{CCB03D13-B437-411F-BF52-0788200D93EB}"
EndProject
Project("{8BC9CEB8-8B4A-11D0-8D11-00A0C91BC942}") = "Stopwatch", "Stopwatch\Stopwatch.vcxproj", "{3A06C187-2351-46EB-BA62-95AB9CA6530F}"
EndProject
Global
	GlobalSection(SolutionConfigurationPlatforms) = preSolution
		Debug|x64 = Debug|x64
		Debug|x86 = Debug|x86
		Release|x64 = Release|x64
		Release|x86 = Release|x86
	EndGlobalSection
	GlobalSection(ProjectConfigurationPlatforms) = postSolution
		{B85BACA2-DBDD-4F51-A222-9468C4A28534}.Debug|x64.ActiveCfg = Debug|x64
		{B85BACA2-DBDD-4F51-A222-9468C4A28534}.Debug|x64.Build.0 = Debug|x64
		{B85BACA2-DBDD-4F51-A222-9468C4A28534}.Debug|x86.ActiveCfg = Debug|Win32
		{B85BACA2-DBDD-4F51-A222-9468C4A28534}.Debug|x86.Build.0 = Debug|Win32
		{B85BACA2-DBDD-4F51-A222-9468C4A28534}.Release|x64.ActiveCfg = Release|x64
		{B85BACA2-DBDD-4F51-A222-9468C4A28534}.Release|x64.Build.0 = Release|x64
		{B85BACA2-DBDD-4F51-A222-9468C4A28534}.Release|x86.ActiveCfg = Release|Win32
		{B85BACA2-DBDD-4F51-A222-9468C4A28534}.Release|x86.Build.0 = Release|Win32
		{DFABAE59-3F43-45D7-87BD-A17D7D28253F}.Debug|x64.ActiveCfg = Debug|x64
		{DFABAE59-3F43-45D7-87BD-A17D7D28253F}.Debug|x64.Build.0 = Debug|x64
		{DFABAE59-3F43-45D7-87BD-A17D7D28253F}.Debug|x86.ActiveCfg = Debug|Win32
		{DFABAE59-3F43-45D7-87BD-A17D7D28253F}.Debug|x86.Build.0 = Debug|Win32
		{DFABAE59-3F43-45D7-87BD-A17D7D28253F}.Release|x64.ActiveCfg = Release|x64
		{DFABAE59-3F43-45D7-87BD-A17D7D28253F}.Release|x64.Build.0 = Release|x64
		{DFABAE59-3F43-45D7-87BD-A17D7D28253F}.Release|x86.ActiveCfg = Release|Win32
		{DFABAE59-3F43-45D7-87BD-A17D7D28253F}.Release|x86.Build.0 = Release|Win32
		{6FD00681-2C90-4048-B538-1E0F81085D2C}.Debug|x64.ActiveCfg = Debug|x64
		{6FD00681-2C90-4048-B538-1E0F81085D2C}.Debug|x64.Build.0 = Debug|x64
		{6FD00681-2C90-4048-B538-1E0F81085D2C}.Debug|x86.ActiveCfg = Debug|Win32
		{6FD00681-2C90-4048-B538-1E0F81085D2C}.Debug|x86.Build.0 = Debug|Win32
		{6FD00681-2C90-4048-B538-1E0F81085D2C}.Release|x64.ActiveCfg = Release|x64
		{6FD00681-2C90-4048-B538-1E0F81085D2C}.Release|x64.Build.0 = Release|x64
		{6FD00681-2C90-4048-B538-1E0F81085D2C}.Release|x86.ActiveCfg = Release|Win32
		{6FD00681-2C90-4048-B538-1E0F81085D2C}.Release|x86.Build.0 = Release|Win32
		{CCB03D13-B437-411F-BF52-0788200D93EB}.Debug|x64.ActiveCfg = Debug|x64
		{CCB03D13-B437-411F-BF52-0788200D93EB}.Debug|x64.Build.0 = Debug|x64
		{CCB03D13-B437-411F-BF52-0788200D93EB}.Debug|x86.ActiveCfg = Debug|Win32
		{CCB03D13-B437-411F-BF52-0788200D93EB}.Debug|x86.Build.0 = Debug|Win32
		{CCB03D13-B437-411F-BF52-0788200D93EB}.Release|x64.ActiveCfg = Release|x64
		{CCB03D13-B437-411F-BF52-0788200D93EB}.Release|x64.Build.0 = Release|x64
		{CCB03D13-B437-411F-BF52-0788200D93EB}.Release|x86.ActiveCfg = Release|Win32
		{CCB03D13-B437-411F-BF52-0788200D93EB}.Release|x86.Build.0 = Release|Win32
		{3A06C187-2351-46EB-BA62-95AB9CA6530F}.Debug|x64.ActiveCfg = Debug|x64
		{3A06C187-2351-46EB-BA62-95AB9CA6530F}.Debug|x64.Build.0 = Debug|x64
		{3A06C187-2351-46EB-BA62-95AB9CA6530F}.Debug|x86.ActiveCfg = Debug|Win32
		{3A06C187-2351-46EB-BA62-95AB9CA6530F}.Debug|x86.Build.0 = Debug|Win32
		{3A06C187-2351-46EB-BA62-95AB9CA6530F}.Release|x64.ActiveCfg = Release|x64
		{3A06C187-2351-46EB-BA62-95AB9CA6530F}.Release|x64.Build.0 = Release|x64
		{3A06C187-2351-46EB-BA62-95AB9CA6530F}.Release|x86.ActiveCfg = Release|Win32
		{3A06C187-2351-46EB-BA62-95AB9CA6530F}.Release|x86.Build.0 = Release|Win32
	EndGlobalSection
	GlobalSection(SolutionProperties) = preSolution
		HideSolutionNode = FALSE
	EndGlobalSection
	GlobalSection(ExtensibilityGlobals) = postSolution
		SolutionGuid = {E47B82D5-5AC1-4ECF-893E-BCF3F33E0269}
	EndGlobalSection
EndGlobal
